
Microsoft Visual Studio Solution File, Format Version 12.00
Project("{FAE04EC0-301F-11D3-BF4B-00C04F79EFBC}") = "csharp_task", "csharp_task.csproj", "{FDA4EAB7-E240-40BC-AA65-F439D7AE949B}"
EndProject
Global
	GlobalSection(SolutionConfigurationPlatforms) = preSolution
		Debug|Any CPU = Debug|Any CPU
		Release|Any CPU = Release|Any CPU
	EndGlobalSection
	GlobalSection(ProjectConfigurationPlatforms) = postSolution
		{FDA4EAB7-E240-40BC-AA65-F439D7AE949B}.Debug|Any CPU.ActiveCfg = Debug|Any CPU
		{FDA4EAB7-E240-40BC-AA65-F439D7AE949B}.Debug|Any CPU.Build.0 = Debug|Any CPU
		{FDA4EAB7-E240-40BC-AA65-F439D7AE949B}.Release|Any CPU.ActiveCfg = Release|Any CPU
		{FDA4EAB7-E240-40BC-AA65-F439D7AE949B}.Release|Any CPU.Build.0 = Release|Any CPU
	EndGlobalSection
EndGlobal
